
Microsoft Visual Studio Solution File, Format Version 12.00
# Visual Studio Version 17
VisualStudioVersion = 17.9.34616.47
MinimumVisualStudioVersion = 10.0.40219.1
Project("{FAE04EC0-301F-11D3-BF4B-00C04F79EFBC}") = "GHINHandicap", "GHINHandicap.csproj", "{44C73E7F-2F3E-450A-ADA9-49CF11CE2654}"
EndProject
Global
	GlobalSection(SolutionConfigurationPlatforms) = preSolution
		Debug|Any CPU = Debug|Any CPU
		Release|Any CPU = Release|Any CPU
	EndGlobalSection
	GlobalSection(ProjectConfigurationPlatforms) = postSolution
		{44C73E7F-2F3E-450A-ADA9-49CF11CE2654}.Debug|Any CPU.ActiveCfg = Debug|Any CPU
		{44C73E7F-2F3E-450A-ADA9-49CF11CE2654}.Debug|Any CPU.Build.0 = Debug|Any CPU
		{44C73E7F-2F3E-450A-ADA9-49CF11CE2654}.Release|Any CPU.ActiveCfg = Release|Any CPU
		{44C73E7F-2F3E-450A-ADA9-49CF11CE2654}.Release|Any CPU.Build.0 = Release|Any CPU
	EndGlobalSection
	GlobalSection(SolutionProperties) = preSolution
		HideSolutionNode = FALSE
	EndGlobalSection
	GlobalSection(ExtensibilityGlobals) = postSolution
		SolutionGuid = {B31A1EF6-5CC9-49E2-BE38-A91632760331}
	EndGlobalSection
EndGlobal
